
Microsoft Visual Studio Solution File, Format Version 12.00
# Visual Studio 15
VisualStudioVersion = 15.0.26430.6
MinimumVisualStudioVersion = 10.0.40219.1
Project("{2150E333-8FDC-42A3-9474-1A3956D46DE8}") = "CreationalPatterns", "CreationalPatterns", "{0130C8FF-87F8-4212-BF13-D7324DBAB707}"
EndProject
Project("{2150E333-8FDC-42A3-9474-1A3956D46DE8}") = "AbstractFactory", "AbstractFactory", "{BC6DFAED-3763-4548-BCB5-95B9293F94BD}"
EndProject
Project("{FAE04EC0-301F-11D3-BF4B-00C04F79EFBC}") = "StructuralExample", "CreationalPatterns\AbstractFactory\StructuralExample\StructuralExample.csproj", "{D735C5F6-5774-46BC-B7C4-F945875986A0}"
EndProject
Project("{FAE04EC0-301F-11D3-BF4B-00C04F79EFBC}") = "RealLifeExample", "CreationalPatterns\AbstractFactory\RealLifeExample\RealLifeExample.csproj", "{031CFC61-7C8B-4509-862A-B32665682361}"
EndProject
Global
	GlobalSection(SolutionConfigurationPlatforms) = preSolution
		Debug|Any CPU = Debug|Any CPU
		Release|Any CPU = Release|Any CPU
	EndGlobalSection
	GlobalSection(ProjectConfigurationPlatforms) = postSolution
		{D735C5F6-5774-46BC-B7C4-F945875986A0}.Debug|Any CPU.ActiveCfg = Debug|Any CPU
		{D735C5F6-5774-46BC-B7C4-F945875986A0}.Debug|Any CPU.Build.0 = Debug|Any CPU
		{D735C5F6-5774-46BC-B7C4-F945875986A0}.Release|Any CPU.ActiveCfg = Release|Any CPU
		{D735C5F6-5774-46BC-B7C4-F945875986A0}.Release|Any CPU.Build.0 = Release|Any CPU
		{031CFC61-7C8B-4509-862A-B32665682361}.Debug|Any CPU.ActiveCfg = Debug|Any CPU
		{031CFC61-7C8B-4509-862A-B32665682361}.Debug|Any CPU.Build.0 = Debug|Any CPU
		{031CFC61-7C8B-4509-862A-B32665682361}.Release|Any CPU.ActiveCfg = Release|Any CPU
		{031CFC61-7C8B-4509-862A-B32665682361}.Release|Any CPU.Build.0 = Release|Any CPU
	EndGlobalSection
	GlobalSection(SolutionProperties) = preSolution
		HideSolutionNode = FALSE
	EndGlobalSection
	GlobalSection(NestedProjects) = preSolution
		{BC6DFAED-3763-4548-BCB5-95B9293F94BD} = {0130C8FF-87F8-4212-BF13-D7324DBAB707}
		{D735C5F6-5774-46BC-B7C4-F945875986A0} = {BC6DFAED-3763-4548-BCB5-95B9293F94BD}
		{031CFC61-7C8B-4509-862A-B32665682361} = {BC6DFAED-3763-4548-BCB5-95B9293F94BD}
	EndGlobalSection
EndGlobal
